
Microsoft Visual Studio Solution File, Format Version 12.00
# Visual Studio Version 16
VisualStudioVersion = 16.0.30204.135
MinimumVisualStudioVersion = 10.0.40219.1
Project("{FAE04EC0-301F-11D3-BF4B-00C04F79EFBC}") = "JakubKalinaLab7", "JakubKalinaLab7.csproj", "{95B4E832-F989-4CB3-8D1B-593A0A281783}"
EndProject
Global
	GlobalSection(SolutionConfigurationPlatforms) = preSolution
		Debug|Any CPU = Debug|Any CPU
		Release|Any CPU = Release|Any CPU
	EndGlobalSection
	GlobalSection(ProjectConfigurationPlatforms) = postSolution
		{95B4E832-F989-4CB3-8D1B-593A0A281783}.Debug|Any CPU.ActiveCfg = Debug|Any CPU
		{95B4E832-F989-4CB3-8D1B-593A0A281783}.Debug|Any CPU.Build.0 = Debug|Any CPU
		{95B4E832-F989-4CB3-8D1B-593A0A281783}.Release|Any CPU.ActiveCfg = Release|Any CPU
		{95B4E832-F989-4CB3-8D1B-593A0A281783}.Release|Any CPU.Build.0 = Release|Any CPU
	EndGlobalSection
	GlobalSection(SolutionProperties) = preSolution
		HideSolutionNode = FALSE
	EndGlobalSection
	GlobalSection(ExtensibilityGlobals) = postSolution
		SolutionGuid = {73196E8A-546D-4AE0-B13D-45A4537F79A3}
	EndGlobalSection
EndGlobal
